// !$*UTF8*$!
{
	archiveVersion = 1;
	classes = {
	};
	objectVersion = 56;
	objects = {

/* Begin PBXBuildFile section */
		0B5944DE2BABAB9E004FB729 /* ContactsPage.swift in Sources */ = {isa = PBXBuildFile; fileRef = 0B5944DD2BABAB9E004FB729 /* ContactsPage.swift */; };
		0B5944E02BB13DE8004FB729 /* MeContactView.swift in Sources */ = {isa = PBXBuildFile; fileRef = 0B5944DF2BB13DE8004FB729 /* MeContactView.swift */; };
		1B10392D2BAA22D400A60BF1 /* BluetoothManager.swift in Sources */ = {isa = PBXBuildFile; fileRef = 1B10392C2BAA22D400A60BF1 /* BluetoothManager.swift */; };
		1B2CF5D52BB005650070F423 /* InstructionsView.swift in Sources */ = {isa = PBXBuildFile; fileRef = 1B2CF5D42BB005650070F423 /* InstructionsView.swift */; };
		1B31E65D2BA9231700C5F65B /* WancerApp.swift in Sources */ = {isa = PBXBuildFile; fileRef = 1B31E65C2BA9231700C5F65B /* WancerApp.swift */; };
		1B31E65F2BA9231700C5F65B /* ContentView.swift in Sources */ = {isa = PBXBuildFile; fileRef = 1B31E65E2BA9231700C5F65B /* ContentView.swift */; };
		1B31E6612BA9231A00C5F65B /* Assets.xcassets in Resources */ = {isa = PBXBuildFile; fileRef = 1B31E6602BA9231A00C5F65B /* Assets.xcassets */; };
		1B31E6642BA9231A00C5F65B /* Preview Assets.xcassets in Resources */ = {isa = PBXBuildFile; fileRef = 1B31E6632BA9231A00C5F65B /* Preview Assets.xcassets */; };
		1B63746D2BB735C900FBCB86 /* GroupsListView.swift in Sources */ = {isa = PBXBuildFile; fileRef = 1B63746C2BB735C900FBCB86 /* GroupsListView.swift */; };
		4F82642E2BAA11F2001D13DF /* Message.swift in Sources */ = {isa = PBXBuildFile; fileRef = 4F82642D2BAA11F2001D13DF /* Message.swift */; };
		4F8264302BAA11F9001D13DF /* User.swift in Sources */ = {isa = PBXBuildFile; fileRef = 4F82642F2BAA11F9001D13DF /* User.swift */; };
		4F8264342BAA120D001D13DF /* Group.swift in Sources */ = {isa = PBXBuildFile; fileRef = 4F8264332BAA120D001D13DF /* Group.swift */; };
		4F8D79E52BAF4F970016F442 /* MessagePage.swift in Sources */ = {isa = PBXBuildFile; fileRef = 4F8D79E42BAF4F970016F442 /* MessagePage.swift */; };
/* End PBXBuildFile section */

/* Begin PBXFileReference section */
		0B5944DD2BABAB9E004FB729 /* ContactsPage.swift */ = {isa = PBXFileReference; lastKnownFileType = sourcecode.swift; path = ContactsPage.swift; sourceTree = "<group>"; };
		0B5944DF2BB13DE8004FB729 /* MeContactView.swift */ = {isa = PBXFileReference; lastKnownFileType = sourcecode.swift; path = MeContactView.swift; sourceTree = "<group>"; };
		1B10392C2BAA22D400A60BF1 /* BluetoothManager.swift */ = {isa = PBXFileReference; fileEncoding = 4; lastKnownFileType = sourcecode.swift; path = BluetoothManager.swift; sourceTree = "<group>"; };
		1B2CF5D42BB005650070F423 /* InstructionsView.swift */ = {isa = PBXFileReference; lastKnownFileType = sourcecode.swift; path = InstructionsView.swift; sourceTree = "<group>"; };
		1B31E6592BA9231700C5F65B /* Wancer.app */ = {isa = PBXFileReference; explicitFileType = wrapper.application; includeInIndex = 0; path = Wancer.app; sourceTree = BUILT_PRODUCTS_DIR; };
		1B31E65C2BA9231700C5F65B /* WancerApp.swift */ = {isa = PBXFileReference; lastKnownFileType = sourcecode.swift; path = WancerApp.swift; sourceTree = "<group>"; };
		1B31E65E2BA9231700C5F65B /* ContentView.swift */ = {isa = PBXFileReference; lastKnownFileType = sourcecode.swift; path = ContentView.swift; sourceTree = "<group>"; };
		1B31E6602BA9231A00C5F65B /* Assets.xcassets */ = {isa = PBXFileReference; lastKnownFileType = folder.assetcatalog; path = Assets.xcassets; sourceTree = "<group>"; };
		1B31E6632BA9231A00C5F65B /* Preview Assets.xcassets */ = {isa = PBXFileReference; lastKnownFileType = folder.assetcatalog; path = "Preview Assets.xcassets"; sourceTree = "<group>"; };
		1B63746C2BB735C900FBCB86 /* GroupsListView.swift */ = {isa = PBXFileReference; lastKnownFileType = sourcecode.swift; path = GroupsListView.swift; sourceTree = "<group>"; };
		4F82642D2BAA11F2001D13DF /* Message.swift */ = {isa = PBXFileReference; lastKnownFileType = sourcecode.swift; path = Message.swift; sourceTree = "<group>"; };
		4F82642F2BAA11F9001D13DF /* User.swift */ = {isa = PBXFileReference; lastKnownFileType = sourcecode.swift; path = User.swift; sourceTree = "<group>"; };
		4F8264332BAA120D001D13DF /* Group.swift */ = {isa = PBXFileReference; lastKnownFileType = sourcecode.swift; path = Group.swift; sourceTree = "<group>"; };
		4F8D79E42BAF4F970016F442 /* MessagePage.swift */ = {isa = PBXFileReference; lastKnownFileType = sourcecode.swift; path = MessagePage.swift; sourceTree = "<group>"; };
/* End PBXFileReference section */

/* Begin PBXFrameworksBuildPhase section */
		1B31E6562BA9231700C5F65B /* Frameworks */ = {
			isa = PBXFrameworksBuildPhase;
			buildActionMask = 2147483647;
			files = (
			);
			runOnlyForDeploymentPostprocessing = 0;
		};
/* End PBXFrameworksBuildPhase section */

/* Begin PBXGroup section */
		1B2CF5D62BB005690070F423 /* Views */ = {
			isa = PBXGroup;
			children = (
				1B2CF5D42BB005650070F423 /* InstructionsView.swift */,
				1B63746C2BB735C900FBCB86 /* GroupsListView.swift */,
			);
			path = Views;
			sourceTree = "<group>";
		};
		1B31E6502BA9231700C5F65B = {
			isa = PBXGroup;
			children = (
				1B31E65B2BA9231700C5F65B /* Wancer */,
				1B31E65A2BA9231700C5F65B /* Products */,
			);
			sourceTree = "<group>";
		};
		1B31E65A2BA9231700C5F65B /* Products */ = {
			isa = PBXGroup;
			children = (
				1B31E6592BA9231700C5F65B /* Wancer.app */,
			);
			name = Products;
			sourceTree = "<group>";
		};
		1B31E65B2BA9231700C5F65B /* Wancer */ = {
			isa = PBXGroup;
			children = (
				4F8D79E32BAF4F8B0016F442 /* Views */,
				1B31E6622BA9231A00C5F65B /* Preview Content */,
				4F82642C2BAA11DD001D13DF /* Models */,
				1B31E6602BA9231A00C5F65B /* Assets.xcassets */,
				1B10392C2BAA22D400A60BF1 /* BluetoothManager.swift */,
				1B31E65C2BA9231700C5F65B /* WancerApp.swift */,
				1B31E65E2BA9231700C5F65B /* ContentView.swift */,
				0B5944DD2BABAB9E004FB729 /* ContactsPage.swift */,
				0B5944DF2BB13DE8004FB729 /* MeContactView.swift */,
				1B2CF5D62BB005690070F423 /* Views */,

			);
			path = Wancer;
			sourceTree = "<group>";
		};
		1B31E6622BA9231A00C5F65B /* Preview Content */ = {
			isa = PBXGroup;
			children = (
				1B31E6632BA9231A00C5F65B /* Preview Assets.xcassets */,
			);
			path = "Preview Content";
			sourceTree = "<group>";
		};
		4F82642C2BAA11DD001D13DF /* Models */ = {
			isa = PBXGroup;
			children = (
				4F82642D2BAA11F2001D13DF /* Message.swift */,
				4F82642F2BAA11F9001D13DF /* User.swift */,
				4F8264332BAA120D001D13DF /* Group.swift */,
			);
			path = Models;
			sourceTree = "<group>";
		};
		4F8D79E32BAF4F8B0016F442 /* Views */ = {
			isa = PBXGroup;
			children = (
				1B2CF5D42BB005650070F423 /* InstructionsView.swift */,
				4F8D79E42BAF4F970016F442 /* MessagePage.swift */,
			);
			path = Views;
			sourceTree = "<group>";
		};
/* End PBXGroup section */

/* Begin PBXNativeTarget section */
		1B31E6582BA9231700C5F65B /* Wancer */ = {
			isa = PBXNativeTarget;
			buildConfigurationList = 1B31E6672BA9231A00C5F65B /* Build configuration list for PBXNativeTarget "Wancer" */;
			buildPhases = (
				1B31E6552BA9231700C5F65B /* Sources */,
				1B31E6562BA9231700C5F65B /* Frameworks */,
				1B31E6572BA9231700C5F65B /* Resources */,
			);
			buildRules = (
			);
			dependencies = (
			);
			name = Wancer;
			productName = Wancer;
			productReference = 1B31E6592BA9231700C5F65B /* Wancer.app */;
			productType = "com.apple.product-type.application";
		};
/* End PBXNativeTarget section */

/* Begin PBXProject section */
		1B31E6512BA9231700C5F65B /* Project object */ = {
			isa = PBXProject;
			attributes = {
				BuildIndependentTargetsInParallel = 1;
				LastSwiftUpdateCheck = 1530;
				LastUpgradeCheck = 1530;
				TargetAttributes = {
					1B31E6582BA9231700C5F65B = {
						CreatedOnToolsVersion = 15.3;
					};
				};
			};
			buildConfigurationList = 1B31E6542BA9231700C5F65B /* Build configuration list for PBXProject "Wancer" */;
			compatibilityVersion = "Xcode 14.0";
			developmentRegion = en;
			hasScannedForEncodings = 0;
			knownRegions = (
				en,
				Base,
			);
			mainGroup = 1B31E6502BA9231700C5F65B;
			productRefGroup = 1B31E65A2BA9231700C5F65B /* Products */;
			projectDirPath = "";
			projectRoot = "";
			targets = (
				1B31E6582BA9231700C5F65B /* Wancer */,
			);
		};
/* End PBXProject section */

/* Begin PBXResourcesBuildPhase section */
		1B31E6572BA9231700C5F65B /* Resources */ = {
			isa = PBXResourcesBuildPhase;
			buildActionMask = 2147483647;
			files = (
				1B31E6642BA9231A00C5F65B /* Preview Assets.xcassets in Resources */,
				1B31E6612BA9231A00C5F65B /* Assets.xcassets in Resources */,
			);
			runOnlyForDeploymentPostprocessing = 0;
		};
/* End PBXResourcesBuildPhase section */

/* Begin PBXSourcesBuildPhase section */
		1B31E6552BA9231700C5F65B /* Sources */ = {
			isa = PBXSourcesBuildPhase;
			buildActionMask = 2147483647;
			files = (
				4F8264302BAA11F9001D13DF /* User.swift in Sources */,
				4F82642E2BAA11F2001D13DF /* Message.swift in Sources */,
				1B10392D2BAA22D400A60BF1 /* BluetoothManager.swift in Sources */,
				4F8264342BAA120D001D13DF /* Group.swift in Sources */,
				4F8D79E52BAF4F970016F442 /* MessagePage.swift in Sources */,
				0B5944DE2BABAB9E004FB729 /* ContactsPage.swift in Sources */,
				1B2CF5D52BB005650070F423 /* InstructionsView.swift in Sources */,
				1B31E65F2BA9231700C5F65B /* ContentView.swift in Sources */,
				1B63746D2BB735C900FBCB86 /* GroupsListView.swift in Sources */,
				1B31E65D2BA9231700C5F65B /* WancerApp.swift in Sources */,
				0B5944E02BB13DE8004FB729 /* MeContactView.swift in Sources */,
			);
			runOnlyForDeploymentPostprocessing = 0;
		};
/* End PBXSourcesBuildPhase section */

/* Begin XCBuildConfiguration section */
		1B31E6652BA9231A00C5F65B /* Debug */ = {
			isa = XCBuildConfiguration;
			buildSettings = {
				ALWAYS_SEARCH_USER_PATHS = NO;
				ASSETCATALOG_COMPILER_GENERATE_SWIFT_ASSET_SYMBOL_EXTENSIONS = YES;
				CLANG_ANALYZER_NONNULL = YES;
				CLANG_ANALYZER_NUMBER_OBJECT_CONVERSION = YES_AGGRESSIVE;
				CLANG_CXX_LANGUAGE_STANDARD = "gnu++20";
				CLANG_ENABLE_MODULES = YES;
				CLANG_ENABLE_OBJC_ARC = YES;
				CLANG_ENABLE_OBJC_WEAK = YES;
				CLANG_WARN_BLOCK_CAPTURE_AUTORELEASING = YES;
				CLANG_WARN_BOOL_CONVERSION = YES;
				CLANG_WARN_COMMA = YES;
				CLANG_WARN_CONSTANT_CONVERSION = YES;
				CLANG_WARN_DEPRECATED_OBJC_IMPLEMENTATIONS = YES;
				CLANG_WARN_DIRECT_OBJC_ISA_USAGE = YES_ERROR;
				CLANG_WARN_DOCUMENTATION_COMMENTS = YES;
				CLANG_WARN_EMPTY_BODY = YES;
				CLANG_WARN_ENUM_CONVERSION = YES;
				CLANG_WARN_INFINITE_RECURSION = YES;
				CLANG_WARN_INT_CONVERSION = YES;
				CLANG_WARN_NON_LITERAL_NULL_CONVERSION = YES;
				CLANG_WARN_OBJC_IMPLICIT_RETAIN_SELF = YES;
				CLANG_WARN_OBJC_LITERAL_CONVERSION = YES;
				CLANG_WARN_OBJC_ROOT_CLASS = YES_ERROR;
				CLANG_WARN_QUOTED_INCLUDE_IN_FRAMEWORK_HEADER = YES;
				CLANG_WARN_RANGE_LOOP_ANALYSIS = YES;
				CLANG_WARN_STRICT_PROTOTYPES = YES;
				CLANG_WARN_SUSPICIOUS_MOVE = YES;
				CLANG_WARN_UNGUARDED_AVAILABILITY = YES_AGGRESSIVE;
				CLANG_WARN_UNREACHABLE_CODE = YES;
				CLANG_WARN__DUPLICATE_METHOD_MATCH = YES;
				COPY_PHASE_STRIP = NO;
				DEBUG_INFORMATION_FORMAT = dwarf;
				ENABLE_STRICT_OBJC_MSGSEND = YES;
				ENABLE_TESTABILITY = YES;
				ENABLE_USER_SCRIPT_SANDBOXING = YES;
				GCC_C_LANGUAGE_STANDARD = gnu17;
				GCC_DYNAMIC_NO_PIC = NO;
				GCC_NO_COMMON_BLOCKS = YES;
				GCC_OPTIMIZATION_LEVEL = 0;
				GCC_PREPROCESSOR_DEFINITIONS = (
					"DEBUG=1",
					"$(inherited)",
				);
				GCC_WARN_64_TO_32_BIT_CONVERSION = YES;
				GCC_WARN_ABOUT_RETURN_TYPE = YES_ERROR;
				GCC_WARN_UNDECLARED_SELECTOR = YES;
				GCC_WARN_UNINITIALIZED_AUTOS = YES_AGGRESSIVE;
				GCC_WARN_UNUSED_FUNCTION = YES;
				GCC_WARN_UNUSED_VARIABLE = YES;
				IPHONEOS_DEPLOYMENT_TARGET = 17.3;
				LOCALIZATION_PREFERS_STRING_CATALOGS = YES;
				MTL_ENABLE_DEBUG_INFO = INCLUDE_SOURCE;
				MTL_FAST_MATH = YES;
				ONLY_ACTIVE_ARCH = YES;
				SDKROOT = iphoneos;
				SWIFT_ACTIVE_COMPILATION_CONDITIONS = "DEBUG $(inherited)";
				SWIFT_OPTIMIZATION_LEVEL = "-Onone";
			};
			name = Debug;
		};
		1B31E6662BA9231A00C5F65B /* Release */ = {
			isa = XCBuildConfiguration;
			buildSettings = {
				ALWAYS_SEARCH_USER_PATHS = NO;
				ASSETCATALOG_COMPILER_GENERATE_SWIFT_ASSET_SYMBOL_EXTENSIONS = YES;
				CLANG_ANALYZER_NONNULL = YES;
				CLANG_ANALYZER_NUMBER_OBJECT_CONVERSION = YES_AGGRESSIVE;
				CLANG_CXX_LANGUAGE_STANDARD = "gnu++20";
				CLANG_ENABLE_MODULES = YES;
				CLANG_ENABLE_OBJC_ARC = YES;
				CLANG_ENABLE_OBJC_WEAK = YES;
				CLANG_WARN_BLOCK_CAPTURE_AUTORELEASING = YES;
				CLANG_WARN_BOOL_CONVERSION = YES;
				CLANG_WARN_COMMA = YES;
				CLANG_WARN_CONSTANT_CONVERSION = YES;
				CLANG_WARN_DEPRECATED_OBJC_IMPLEMENTATIONS = YES;
				CLANG_WARN_DIRECT_OBJC_ISA_USAGE = YES_ERROR;
				CLANG_WARN_DOCUMENTATION_COMMENTS = YES;
				CLANG_WARN_EMPTY_BODY = YES;
				CLANG_WARN_ENUM_CONVERSION = YES;
				CLANG_WARN_INFINITE_RECURSION = YES;
				CLANG_WARN_INT_CONVERSION = YES;
				CLANG_WARN_NON_LITERAL_NULL_CONVERSION = YES;
				CLANG_WARN_OBJC_IMPLICIT_RETAIN_SELF = YES;
				CLANG_WARN_OBJC_LITERAL_CONVERSION = YES;
				CLANG_WARN_OBJC_ROOT_CLASS = YES_ERROR;
				CLANG_WARN_QUOTED_INCLUDE_IN_FRAMEWORK_HEADER = YES;
				CLANG_WARN_RANGE_LOOP_ANALYSIS = YES;
				CLANG_WARN_STRICT_PROTOTYPES = YES;
				CLANG_WARN_SUSPICIOUS_MOVE = YES;
				CLANG_WARN_UNGUARDED_AVAILABILITY = YES_AGGRESSIVE;
				CLANG_WARN_UNREACHABLE_CODE = YES;
				CLANG_WARN__DUPLICATE_METHOD_MATCH = YES;
				COPY_PHASE_STRIP = NO;
				DEBUG_INFORMATION_FORMAT = "dwarf-with-dsym";
				ENABLE_NS_ASSERTIONS = NO;
				ENABLE_STRICT_OBJC_MSGSEND = YES;
				ENABLE_USER_SCRIPT_SANDBOXING = YES;
				GCC_C_LANGUAGE_STANDARD = gnu17;
				GCC_NO_COMMON_BLOCKS = YES;
				GCC_WARN_64_TO_32_BIT_CONVERSION = YES;
				GCC_WARN_ABOUT_RETURN_TYPE = YES_ERROR;
				GCC_WARN_UNDECLARED_SELECTOR = YES;
				GCC_WARN_UNINITIALIZED_AUTOS = YES_AGGRESSIVE;
				GCC_WARN_UNUSED_FUNCTION = YES;
				GCC_WARN_UNUSED_VARIABLE = YES;
				IPHONEOS_DEPLOYMENT_TARGET = 17.3;
				LOCALIZATION_PREFERS_STRING_CATALOGS = YES;
				MTL_ENABLE_DEBUG_INFO = NO;
				MTL_FAST_MATH = YES;
				SDKROOT = iphoneos;
				SWIFT_COMPILATION_MODE = wholemodule;
				VALIDATE_PRODUCT = YES;
			};
			name = Release;
		};
		1B31E6682BA9231A00C5F65B /* Debug */ = {
			isa = XCBuildConfiguration;
			buildSettings = {
				ASSETCATALOG_COMPILER_APPICON_NAME = AppIcon;
				ASSETCATALOG_COMPILER_GLOBAL_ACCENT_COLOR_NAME = AccentColor;
				CODE_SIGN_STYLE = Automatic;
				CURRENT_PROJECT_VERSION = 1;
				DEVELOPMENT_ASSET_PATHS = "\"Wancer/Preview Content\"";
				DEVELOPMENT_TEAM = 239RSG338X;
				ENABLE_PREVIEWS = YES;
				GENERATE_INFOPLIST_FILE = YES;
				INFOPLIST_KEY_NSBluetoothAlwaysUsageDescription = "App needs to access bluetooth";
				INFOPLIST_KEY_NSBluetoothPeripheralUsageDescription = "App needs to access bluetooth";
				INFOPLIST_KEY_NSContactsUsageDescription = "App needs to access contacts";
				INFOPLIST_KEY_UIApplicationSceneManifest_Generation = YES;
				INFOPLIST_KEY_UIApplicationSupportsIndirectInputEvents = YES;
				INFOPLIST_KEY_UILaunchScreen_Generation = YES;
				INFOPLIST_KEY_UISupportedInterfaceOrientations_iPad = "UIInterfaceOrientationPortrait UIInterfaceOrientationPortraitUpsideDown UIInterfaceOrientationLandscapeLeft UIInterfaceOrientationLandscapeRight";
				INFOPLIST_KEY_UISupportedInterfaceOrientations_iPhone = "UIInterfaceOrientationPortrait UIInterfaceOrientationLandscapeLeft UIInterfaceOrientationLandscapeRight";
				IPHONEOS_DEPLOYMENT_TARGET = 17.2;
				LD_RUNPATH_SEARCH_PATHS = (
					"$(inherited)",
					"@executable_path/Frameworks",
				);
				MARKETING_VERSION = 1.0;
				PRODUCT_BUNDLE_IDENTIFIER = com.nuios.Wancer1230;
				PRODUCT_NAME = "$(TARGET_NAME)";
				SWIFT_EMIT_LOC_STRINGS = YES;
				SWIFT_VERSION = 5.0;
				TARGETED_DEVICE_FAMILY = "1,2";
			};
			name = Debug;
		};
		1B31E6692BA9231A00C5F65B /* Release */ = {
			isa = XCBuildConfiguration;
			buildSettings = {
				ASSETCATALOG_COMPILER_APPICON_NAME = AppIcon;
				ASSETCATALOG_COMPILER_GLOBAL_ACCENT_COLOR_NAME = AccentColor;
				CODE_SIGN_STYLE = Automatic;
				CURRENT_PROJECT_VERSION = 1;
				DEVELOPMENT_ASSET_PATHS = "\"Wancer/Preview Content\"";
				DEVELOPMENT_TEAM = 239RSG338X;
				ENABLE_PREVIEWS = YES;
				GENERATE_INFOPLIST_FILE = YES;
				INFOPLIST_KEY_NSBluetoothAlwaysUsageDescription = "App needs to access bluetooth";
				INFOPLIST_KEY_NSBluetoothPeripheralUsageDescription = "App needs to access bluetooth";
				INFOPLIST_KEY_NSContactsUsageDescription = "App needs to access contacts";
				INFOPLIST_KEY_UIApplicationSceneManifest_Generation = YES;
				INFOPLIST_KEY_UIApplicationSupportsIndirectInputEvents = YES;
				INFOPLIST_KEY_UILaunchScreen_Generation = YES;
				INFOPLIST_KEY_UISupportedInterfaceOrientations_iPad = "UIInterfaceOrientationPortrait UIInterfaceOrientationPortraitUpsideDown UIInterfaceOrientationLandscapeLeft UIInterfaceOrientationLandscapeRight";
				INFOPLIST_KEY_UISupportedInterfaceOrientations_iPhone = "UIInterfaceOrientationPortrait UIInterfaceOrientationLandscapeLeft UIInterfaceOrientationLandscapeRight";
				IPHONEOS_DEPLOYMENT_TARGET = 17.2;
				LD_RUNPATH_SEARCH_PATHS = (
					"$(inherited)",
					"@executable_path/Frameworks",
				);
				MARKETING_VERSION = 1.0;
				PRODUCT_BUNDLE_IDENTIFIER = com.nuios.Wancer1230;
				PRODUCT_NAME = "$(TARGET_NAME)";
				SWIFT_EMIT_LOC_STRINGS = YES;
				SWIFT_VERSION = 5.0;
				TARGETED_DEVICE_FAMILY = "1,2";
			};
			name = Release;
		};
/* End XCBuildConfiguration section */

/* Begin XCConfigurationList section */
		1B31E6542BA9231700C5F65B /* Build configuration list for PBXProject "Wancer" */ = {
			isa = XCConfigurationList;
			buildConfigurations = (
				1B31E6652BA9231A00C5F65B /* Debug */,
				1B31E6662BA9231A00C5F65B /* Release */,
			);
			defaultConfigurationIsVisible = 0;
			defaultConfigurationName = Release;
		};
		1B31E6672BA9231A00C5F65B /* Build configuration list for PBXNativeTarget "Wancer" */ = {
			isa = XCConfigurationList;
			buildConfigurations = (
				1B31E6682BA9231A00C5F65B /* Debug */,
				1B31E6692BA9231A00C5F65B /* Release */,
			);
			defaultConfigurationIsVisible = 0;
			defaultConfigurationName = Release;
		};
/* End XCConfigurationList section */
	};
	rootObject = 1B31E6512BA9231700C5F65B /* Project object */;
}
